// !$*UTF8*$!
{
	archiveVersion = 1;
	classes = {
	};
	objectVersion = 50;
	objects = {

/* Begin PBXBuildFile section */
		025C0DD12507C9400016AA76 /* AppDelegate.swift in Sources */ = {isa = PBXBuildFile; fileRef = 025C0DD02507C9400016AA76 /* AppDelegate.swift */; };
		025C0DD32507C9400016AA76 /* SceneDelegate.swift in Sources */ = {isa = PBXBuildFile; fileRef = 025C0DD22507C9400016AA76 /* SceneDelegate.swift */; };
		025C0DD52507C9400016AA76 /* ContentView.swift in Sources */ = {isa = PBXBuildFile; fileRef = 025C0DD42507C9400016AA76 /* ContentView.swift */; };
		025C0DD72507C9420016AA76 /* Assets.xcassets in Resources */ = {isa = PBXBuildFile; fileRef = 025C0DD62507C9420016AA76 /* Assets.xcassets */; };
		025C0DDA2507C9420016AA76 /* Preview Assets.xcassets in Resources */ = {isa = PBXBuildFile; fileRef = 025C0DD92507C9420016AA76 /* Preview Assets.xcassets */; };
		025C0DDD2507C9420016AA76 /* LaunchScreen.storyboard in Resources */ = {isa = PBXBuildFile; fileRef = 025C0DDB2507C9420016AA76 /* LaunchScreen.storyboard */; };
/* End PBXBuildFile section */

/* Begin PBXFileReference section */
		025C0DCD2507C9400016AA76 /* Splitting.app */ = {isa = PBXFileReference; explicitFileType = wrapper.application; includeInIndex = 0; path = Splitting.app; sourceTree = BUILT_PRODUCTS_DIR; };
		025C0DD02507C9400016AA76 /* AppDelegate.swift */ = {isa = PBXFileReference; lastKnownFileType = sourcecode.swift; path = AppDelegate.swift; sourceTree = "<group>"; };
		025C0DD22507C9400016AA76 /* SceneDelegate.swift */ = {isa = PBXFileReference; lastKnownFileType = sourcecode.swift; path = SceneDelegate.swift; sourceTree = "<group>"; };
		025C0DD42507C9400016AA76 /* ContentView.swift */ = {isa = PBXFileReference; lastKnownFileType = sourcecode.swift; path = ContentView.swift; sourceTree = "<group>"; };
		025C0DD62507C9420016AA76 /* Assets.xcassets */ = {isa = PBXFileReference; lastKnownFileType = folder.assetcatalog; path = Assets.xcassets; sourceTree = "<group>"; };
		025C0DD92507C9420016AA76 /* Preview Assets.xcassets */ = {isa = PBXFileReference; lastKnownFileType = folder.assetcatalog; path = "Preview Assets.xcassets"; sourceTree = "<group>"; };
		025C0DDC2507C9420016AA76 /* Base */ = {isa = PBXFileReference; lastKnownFileType = file.storyboard; name = Base; path = Base.lproj/LaunchScreen.storyboard; sourceTree = "<group>"; };
		025C0DDE2507C9420016AA76 /* Info.plist */ = {isa = PBXFileReference; lastKnownFileType = text.plist.xml; path = Info.plist; sourceTree = "<group>"; };
/* End PBXFileReference section */

/* Begin PBXFrameworksBuildPhase section */
		025C0DCA2507C9400016AA76 /* Frameworks */ = {
			isa = PBXFrameworksBuildPhase;
			buildActionMask = 2147483647;
			files = (
			);
			runOnlyForDeploymentPostprocessing = 0;
		};
/* End PBXFrameworksBuildPhase section */

/* Begin PBXGroup section */
		025C0DC42507C9400016AA76 = {
			isa = PBXGroup;
			children = (
				025C0DCF2507C9400016AA76 /* Splitting */,
				025C0DCE2507C9400016AA76 /* Products */,
			);
			sourceTree = "<group>";
		};
		025C0DCE2507C9400016AA76 /* Products */ = {
			isa = PBXGroup;
			children = (
				025C0DCD2507C9400016AA76 /* Splitting.app */,
			);
			name = Products;
			sourceTree = "<group>";
		};
		025C0DCF2507C9400016AA76 /* Splitting */ = {
			isa = PBXGroup;
			children = (
				025C0DD02507C9400016AA76 /* AppDelegate.swift */,
				025C0DD22507C9400016AA76 /* SceneDelegate.swift */,
				025C0DD42507C9400016AA76 /* ContentView.swift */,
				025C0DD62507C9420016AA76 /* Assets.xcassets */,
				025C0DDB2507C9420016AA76 /* LaunchScreen.storyboard */,
				025C0DDE2507C9420016AA76 /* Info.plist */,
				025C0DD82507C9420016AA76 /* Preview Content */,
			);
			path = Splitting;
			sourceTree = "<group>";
		};
		025C0DD82507C9420016AA76 /* Preview Content */ = {
			isa = PBXGroup;
			children = (
				025C0DD92507C9420016AA76 /* Preview Assets.xcassets */,
			);
			path = "Preview Content";
			sourceTree = "<group>";
		};
/* End PBXGroup section */

/* Begin PBXNativeTarget section */
		025C0DCC2507C9400016AA76 /* Splitting */ = {
			isa = PBXNativeTarget;
			buildConfigurationList = 025C0DE12507C9420016AA76 /* Build configuration list for PBXNativeTarget "Splitting" */;
			buildPhases = (
				025C0DC92507C9400016AA76 /* Sources */,
				025C0DCA2507C9400016AA76 /* Frameworks */,
				025C0DCB2507C9400016AA76 /* Resources */,
			);
			buildRules = (
			);
			dependencies = (
			);
			name = Splitting;
			productName = Splitting;
			productReference = 025C0DCD2507C9400016AA76 /* Splitting.app */;
			productType = "com.apple.product-type.application";
		};
/* End PBXNativeTarget section */

/* Begin PBXProject section */
		025C0DC52507C9400016AA76 /* Project object */ = {
			isa = PBXProject;
			attributes = {
				LastSwiftUpdateCheck = 1170;
				LastUpgradeCheck = 1170;
				ORGANIZATIONNAME = "Return Generics";
				TargetAttributes = {
					025C0DCC2507C9400016AA76 = {
						CreatedOnToolsVersion = 11.7;
					};
				};
			};
			buildConfigurationList = 025C0DC82507C9400016AA76 /* Build configuration list for PBXProject "Splitting" */;
			compatibilityVersion = "Xcode 9.3";
			developmentRegion = en;
			hasScannedForEncodings = 0;
			knownRegions = (
				en,
				Base,
			);
			mainGroup = 025C0DC42507C9400016AA76;
			productRefGroup = 025C0DCE2507C9400016AA76 /* Products */;
			projectDirPath = "";
			projectRoot = "";
			targets = (
				025C0DCC2507C9400016AA76 /* Splitting */,
			);
		};
/* End PBXProject section */

/* Begin PBXResourcesBuildPhase section */
		025C0DCB2507C9400016AA76 /* Resources */ = {
			isa = PBXResourcesBuildPhase;
			buildActionMask = 2147483647;
			files = (
				025C0DDD2507C9420016AA76 /* LaunchScreen.storyboard in Resources */,
				025C0DDA2507C9420016AA76 /* Preview Assets.xcassets in Resources */,
				025C0DD72507C9420016AA76 /* Assets.xcassets in Resources */,
			);
			runOnlyForDeploymentPostprocessing = 0;
		};
/* End PBXResourcesBuildPhase section */

/* Begin PBXSourcesBuildPhase section */
		025C0DC92507C9400016AA76 /* Sources */ = {
			isa = PBXSourcesBuildPhase;
			buildActionMask = 2147483647;
			files = (
				025C0DD12507C9400016AA76 /* AppDelegate.swift in Sources */,
				025C0DD32507C9400016AA76 /* SceneDelegate.swift in Sources */,
				025C0DD52507C9400016AA76 /* ContentView.swift in Sources */,
			);
			runOnlyForDeploymentPostprocessing = 0;
		};
/* End PBXSourcesBuildPhase section */

/* Begin PBXVariantGroup section */
		025C0DDB2507C9420016AA76 /* LaunchScreen.storyboard */ = {
			isa = PBXVariantGroup;
			children = (
				025C0DDC2507C9420016AA76 /* Base */,
			);
			name = LaunchScreen.storyboard;
			sourceTree = "<group>";
		};
/* End PBXVariantGroup section */

/* Begin XCBuildConfiguration section */
		025C0DDF2507C9420016AA76 /* Debug */ = {
			isa = XCBuildConfiguration;
			buildSettings = {
				ALWAYS_SEARCH_USER_PATHS = NO;
				CLANG_ANALYZER_NONNULL = YES;
				CLANG_ANALYZER_NUMBER_OBJECT_CONVERSION = YES_AGGRESSIVE;
				CLANG_CXX_LANGUAGE_STANDARD = "gnu++14";
				CLANG_CXX_LIBRARY = "libc++";
				CLANG_ENABLE_MODULES = YES;
				CLANG_ENABLE_OBJC_ARC = YES;
				CLANG_ENABLE_OBJC_WEAK = YES;
				CLANG_WARN_BLOCK_CAPTURE_AUTORELEASING = YES;
				CLANG_WARN_BOOL_CONVERSION = YES;
				CLANG_WARN_COMMA = YES;
				CLANG_WARN_CONSTANT_CONVERSION = YES;
				CLANG_WARN_DEPRECATED_OBJC_IMPLEMENTATIONS = YES;
				CLANG_WARN_DIRECT_OBJC_ISA_USAGE = YES_ERROR;
				CLANG_WARN_DOCUMENTATION_COMMENTS = YES;
				CLANG_WARN_EMPTY_BODY = YES;
				CLANG_WARN_ENUM_CONVERSION = YES;
				CLANG_WARN_INFINITE_RECURSION = YES;
				CLANG_WARN_INT_CONVERSION = YES;
				CLANG_WARN_NON_LITERAL_NULL_CONVERSION = YES;
				CLANG_WARN_OBJC_IMPLICIT_RETAIN_SELF = YES;
				CLANG_WARN_OBJC_LITERAL_CONVERSION = YES;
				CLANG_WARN_OBJC_ROOT_CLASS = YES_ERROR;
				CLANG_WARN_RANGE_LOOP_ANALYSIS = YES;
				CLANG_WARN_STRICT_PROTOTYPES = YES;
				CLANG_WARN_SUSPICIOUS_MOVE = YES;
				CLANG_WARN_UNGUARDED_AVAILABILITY = YES_AGGRESSIVE;
				CLANG_WARN_UNREACHABLE_CODE = YES;
				CLANG_WARN__DUPLICATE_METHOD_MATCH = YES;
				COPY_PHASE_STRIP = NO;
				DEBUG_INFORMATION_FORMAT = dwarf;
				ENABLE_STRICT_OBJC_MSGSEND = YES;
				ENABLE_TESTABILITY = YES;
				GCC_C_LANGUAGE_STANDARD = gnu11;
				GCC_DYNAMIC_NO_PIC = NO;
				GCC_NO_COMMON_BLOCKS = YES;
				GCC_OPTIMIZATION_LEVEL = 0;
				GCC_PREPROCESSOR_DEFINITIONS = (
					"DEBUG=1",
					"$(inherited)",
				);
				GCC_WARN_64_TO_32_BIT_CONVERSION = YES;
				GCC_WARN_ABOUT_RETURN_TYPE = YES_ERROR;
				GCC_WARN_UNDECLARED_SELECTOR = YES;
				GCC_WARN_UNINITIALIZED_AUTOS = YES_AGGRESSIVE;
				GCC_WARN_UNUSED_FUNCTION = YES;
				GCC_WARN_UNUSED_VARIABLE = YES;
				IPHONEOS_DEPLOYMENT_TARGET = 13.7;
				MTL_ENABLE_DEBUG_INFO = INCLUDE_SOURCE;
				MTL_FAST_MATH = YES;
				ONLY_ACTIVE_ARCH = YES;
				SDKROOT = iphoneos;
				SWIFT_ACTIVE_COMPILATION_CONDITIONS = DEBUG;
				SWIFT_OPTIMIZATION_LEVEL = "-Onone";
			};
			name = Debug;
		};
		025C0DE02507C9420016AA76 /* Release */ = {
			isa = XCBuildConfiguration;
			buildSettings = {
				ALWAYS_SEARCH_USER_PATHS = NO;
				CLANG_ANALYZER_NONNULL = YES;
				CLANG_ANALYZER_NUMBER_OBJECT_CONVERSION = YES_AGGRESSIVE;
				CLANG_CXX_LANGUAGE_STANDARD = "gnu++14";
				CLANG_CXX_LIBRARY = "libc++";
				CLANG_ENABLE_MODULES = YES;
				CLANG_ENABLE_OBJC_ARC = YES;
				CLANG_ENABLE_OBJC_WEAK = YES;
				CLANG_WARN_BLOCK_CAPTURE_AUTORELEASING = YES;
				CLANG_WARN_BOOL_CONVERSION = YES;
				CLANG_WARN_COMMA = YES;
				CLANG_WARN_CONSTANT_CONVERSION = YES;
				CLANG_WARN_DEPRECATED_OBJC_IMPLEMENTATIONS = YES;
				CLANG_WARN_DIRECT_OBJC_ISA_USAGE = YES_ERROR;
				CLANG_WARN_DOCUMENTATION_COMMENTS = YES;
				CLANG_WARN_EMPTY_BODY = YES;
				CLANG_WARN_ENUM_CONVERSION = YES;
				CLANG_WARN_INFINITE_RECURSION = YES;
				CLANG_WARN_INT_CONVERSION = YES;
				CLANG_WARN_NON_LITERAL_NULL_CONVERSION = YES;
				CLANG_WARN_OBJC_IMPLICIT_RETAIN_SELF = YES;
				CLANG_WARN_OBJC_LITERAL_CONVERSION = YES;
				CLANG_WARN_OBJC_ROOT_CLASS = YES_ERROR;
				CLANG_WARN_RANGE_LOOP_ANALYSIS = YES;
				CLANG_WARN_STRICT_PROTOTYPES = YES;
				CLANG_WARN_SUSPICIOUS_MOVE = YES;
				CLANG_WARN_UNGUARDED_AVAILABILITY = YES_AGGRESSIVE;
				CLANG_WARN_UNREACHABLE_CODE = YES;
				CLANG_WARN__DUPLICATE_METHOD_MATCH = YES;
				COPY_PHASE_STRIP = NO;
				DEBUG_INFORMATION_FORMAT = "dwarf-with-dsym";
				ENABLE_NS_ASSERTIONS = NO;
				ENABLE_STRICT_OBJC_MSGSEND = YES;
				GCC_C_LANGUAGE_STANDARD = gnu11;
				GCC_NO_COMMON_BLOCKS = YES;
				GCC_WARN_64_TO_32_BIT_CONVERSION = YES;
				GCC_WARN_ABOUT_RETURN_TYPE = YES_ERROR;
				GCC_WARN_UNDECLARED_SELECTOR = YES;
				GCC_WARN_UNINITIALIZED_AUTOS = YES_AGGRESSIVE;
				GCC_WARN_UNUSED_FUNCTION = YES;
				GCC_WARN_UNUSED_VARIABLE = YES;
				IPHONEOS_DEPLOYMENT_TARGET = 13.7;
				MTL_ENABLE_DEBUG_INFO = NO;
				MTL_FAST_MATH = YES;
				SDKROOT = iphoneos;
				SWIFT_COMPILATION_MODE = wholemodule;
				SWIFT_OPTIMIZATION_LEVEL = "-O";
				VALIDATE_PRODUCT = YES;
			};
			name = Release;
		};
		025C0DE22507C9420016AA76 /* Debug */ = {
			isa = XCBuildConfiguration;
			buildSettings = {
				ASSETCATALOG_COMPILER_APPICON_NAME = AppIcon;
				CODE_SIGN_STYLE = Automatic;
				DEVELOPMENT_ASSET_PATHS = "\"Splitting/Preview Content\"";
				DEVELOPMENT_TEAM = 3FH52996L3;
				ENABLE_PREVIEWS = YES;
				INFOPLIST_FILE = Splitting/Info.plist;
				LD_RUNPATH_SEARCH_PATHS = (
					"$(inherited)",
					"@executable_path/Frameworks",
				);
				PRODUCT_BUNDLE_IDENTIFIER = com.returngenerics.Splitting;
				PRODUCT_NAME = "$(TARGET_NAME)";
				SWIFT_VERSION = 5.0;
				TARGETED_DEVICE_FAMILY = "1,2";
			};
			name = Debug;
		};
		025C0DE32507C9420016AA76 /* Release */ = {
			isa = XCBuildConfiguration;
			buildSettings = {
				ASSETCATALOG_COMPILER_APPICON_NAME = AppIcon;
				CODE_SIGN_STYLE = Automatic;
				DEVELOPMENT_ASSET_PATHS = "\"Splitting/Preview Content\"";
				DEVELOPMENT_TEAM = 3FH52996L3;
				ENABLE_PREVIEWS = YES;
				INFOPLIST_FILE = Splitting/Info.plist;
				LD_RUNPATH_SEARCH_PATHS = (
					"$(inherited)",
					"@executable_path/Frameworks",
				);
				PRODUCT_BUNDLE_IDENTIFIER = com.returngenerics.Splitting;
				PRODUCT_NAME = "$(TARGET_NAME)";
				SWIFT_VERSION = 5.0;
				TARGETED_DEVICE_FAMILY = "1,2";
			};
			name = Release;
		};
/* End XCBuildConfiguration section */

/* Begin XCConfigurationList section */
		025C0DC82507C9400016AA76 /* Build configuration list for PBXProject "Splitting" */ = {
			isa = XCConfigurationList;
			buildConfigurations = (
				025C0DDF2507C9420016AA76 /* Debug */,
				025C0DE02507C9420016AA76 /* Release */,
			);
			defaultConfigurationIsVisible = 0;
			defaultConfigurationName = Release;
		};
		025C0DE12507C9420016AA76 /* Build configuration list for PBXNativeTarget "Splitting" */ = {
			isa = XCConfigurationList;
			buildConfigurations = (
				025C0DE22507C9420016AA76 /* Debug */,
				025C0DE32507C9420016AA76 /* Release */,
			);
			defaultConfigurationIsVisible = 0;
			defaultConfigurationName = Release;
		};
/* End XCConfigurationList section */
	};
	rootObject = 025C0DC52507C9400016AA76 /* Project object */;
}
